
Microsoft Visual Studio Solution File, Format Version 12.00
# Visual Studio 14
VisualStudioVersion = 14.0.23107.0
MinimumVisualStudioVersion = 10.0.40219.1
Project("{2150E333-8FDC-42A3-9474-1A3956D46DE8}") = ".paket", ".paket", "{A615696C-B6DF-471A-8264-85225CB4D48A}"
	ProjectSection(SolutionItems) = preProject
		paket.dependencies = paket.dependencies
	EndProjectSection
EndProject
Project("{F2A71F9B-5D33-465A-A702-920D77279786}") = "Scotch", "scotch\Scotch.fsproj", "{D67D69B9-E895-41E6-881B-FE4CD6235C73}"
EndProject
Project("{FAE04EC0-301F-11D3-BF4B-00C04F79EFBC}") = "Scotch.Tests", "Scotch.Tests\Scotch.Tests.csproj", "{E0A16E71-5E47-449D-97C1-D9EF205E2668}"
EndProject
Global
	GlobalSection(SolutionConfigurationPlatforms) = preSolution
		Debug|Any CPU = Debug|Any CPU
		Release|Any CPU = Release|Any CPU
	EndGlobalSection
	GlobalSection(ProjectConfigurationPlatforms) = postSolution
		{D67D69B9-E895-41E6-881B-FE4CD6235C73}.Debug|Any CPU.ActiveCfg = Debug|Any CPU
		{D67D69B9-E895-41E6-881B-FE4CD6235C73}.Debug|Any CPU.Build.0 = Debug|Any CPU
		{D67D69B9-E895-41E6-881B-FE4CD6235C73}.Release|Any CPU.ActiveCfg = Release|Any CPU
		{D67D69B9-E895-41E6-881B-FE4CD6235C73}.Release|Any CPU.Build.0 = Release|Any CPU
		{E0A16E71-5E47-449D-97C1-D9EF205E2668}.Debug|Any CPU.ActiveCfg = Debug|Any CPU
		{E0A16E71-5E47-449D-97C1-D9EF205E2668}.Debug|Any CPU.Build.0 = Debug|Any CPU
		{E0A16E71-5E47-449D-97C1-D9EF205E2668}.Release|Any CPU.ActiveCfg = Release|Any CPU
		{E0A16E71-5E47-449D-97C1-D9EF205E2668}.Release|Any CPU.Build.0 = Release|Any CPU
	EndGlobalSection
	GlobalSection(SolutionProperties) = preSolution
		HideSolutionNode = FALSE
	EndGlobalSection
EndGlobal
